
Microsoft Visual Studio Solution File, Format Version 12.00
# Visual Studio Version 17
VisualStudioVersion = 17.11.35327.3
MinimumVisualStudioVersion = 10.0.40219.1
Project("{FAE04EC0-301F-11D3-BF4B-00C04F79EFBC}") = "ObligatorioF1", "ObligatorioF1\ObligatorioF1.csproj", "{C3A4C4CC-9479-4B6F-8C48-0882C3201098}"
EndProject
Global
	GlobalSection(SolutionConfigurationPlatforms) = preSolution
		Debug|Any CPU = Debug|Any CPU
		Release|Any CPU = Release|Any CPU
	EndGlobalSection
	GlobalSection(ProjectConfigurationPlatforms) = postSolution
		{C3A4C4CC-9479-4B6F-8C48-0882C3201098}.Debug|Any CPU.ActiveCfg = Debug|Any CPU
		{C3A4C4CC-9479-4B6F-8C48-0882C3201098}.Debug|Any CPU.Build.0 = Debug|Any CPU
		{C3A4C4CC-9479-4B6F-8C48-0882C3201098}.Release|Any CPU.ActiveCfg = Release|Any CPU
		{C3A4C4CC-9479-4B6F-8C48-0882C3201098}.Release|Any CPU.Build.0 = Release|Any CPU
	EndGlobalSection
	GlobalSection(SolutionProperties) = preSolution
		HideSolutionNode = FALSE
	EndGlobalSection
	GlobalSection(ExtensibilityGlobals) = postSolution
		SolutionGuid = {784A9097-EB00-443E-8B6A-00BF40092311}
	EndGlobalSection
EndGlobal
